
Microsoft Visual Studio Solution File, Format Version 12.00
# Visual Studio Version 16
VisualStudioVersion = 16.0.29409.12
MinimumVisualStudioVersion = 10.0.40219.1
Project("{FAE04EC0-301F-11D3-BF4B-00C04F79EFBC}") = "GettersAndSetters", "GettersAndSetters\GettersAndSetters.csproj", "{FB95D442-40B8-4C45-826B-5A476E37352D}"
EndProject
Project("{FAE04EC0-301F-11D3-BF4B-00C04F79EFBC}") = "MoviesSettersGetters", "MoviesSettersGetters\MoviesSettersGetters.csproj", "{A2871658-5F1D-4327-842A-A6107FB7AB0C}"
EndProject
Global
	GlobalSection(SolutionConfigurationPlatforms) = preSolution
		Debug|Any CPU = Debug|Any CPU
		Release|Any CPU = Release|Any CPU
	EndGlobalSection
	GlobalSection(ProjectConfigurationPlatforms) = postSolution
		{FB95D442-40B8-4C45-826B-5A476E37352D}.Debug|Any CPU.ActiveCfg = Debug|Any CPU
		{FB95D442-40B8-4C45-826B-5A476E37352D}.Debug|Any CPU.Build.0 = Debug|Any CPU
		{FB95D442-40B8-4C45-826B-5A476E37352D}.Release|Any CPU.ActiveCfg = Release|Any CPU
		{FB95D442-40B8-4C45-826B-5A476E37352D}.Release|Any CPU.Build.0 = Release|Any CPU
		{A2871658-5F1D-4327-842A-A6107FB7AB0C}.Debug|Any CPU.ActiveCfg = Debug|Any CPU
		{A2871658-5F1D-4327-842A-A6107FB7AB0C}.Debug|Any CPU.Build.0 = Debug|Any CPU
		{A2871658-5F1D-4327-842A-A6107FB7AB0C}.Release|Any CPU.ActiveCfg = Release|Any CPU
		{A2871658-5F1D-4327-842A-A6107FB7AB0C}.Release|Any CPU.Build.0 = Release|Any CPU
	EndGlobalSection
	GlobalSection(SolutionProperties) = preSolution
		HideSolutionNode = FALSE
	EndGlobalSection
	GlobalSection(ExtensibilityGlobals) = postSolution
		SolutionGuid = {B4F0DCCD-F570-4484-ACA3-AB3145A974F0}
	EndGlobalSection
EndGlobal
